
Microsoft Visual Studio Solution File, Format Version 12.00
# Visual Studio Version 17
VisualStudioVersion = 17.0.32126.317
MinimumVisualStudioVersion = 10.0.40219.1
Project("{FAE04EC0-301F-11D3-BF4B-00C04F79EFBC}") = "MaktabHomeworkWeek04", "MaktabHomeworkWeek04\MaktabHomeworkWeek04.csproj", "{EBBD17BB-BFEB-4246-B030-95B7FEADBFB9}"
EndProject
Global
	GlobalSection(SolutionConfigurationPlatforms) = preSolution
		Debug|Any CPU = Debug|Any CPU
		Release|Any CPU = Release|Any CPU
	EndGlobalSection
	GlobalSection(ProjectConfigurationPlatforms) = postSolution
		{EBBD17BB-BFEB-4246-B030-95B7FEADBFB9}.Debug|Any CPU.ActiveCfg = Debug|Any CPU
		{EBBD17BB-BFEB-4246-B030-95B7FEADBFB9}.Debug|Any CPU.Build.0 = Debug|Any CPU
		{EBBD17BB-BFEB-4246-B030-95B7FEADBFB9}.Release|Any CPU.ActiveCfg = Release|Any CPU
		{EBBD17BB-BFEB-4246-B030-95B7FEADBFB9}.Release|Any CPU.Build.0 = Release|Any CPU
	EndGlobalSection
	GlobalSection(SolutionProperties) = preSolution
		HideSolutionNode = FALSE
	EndGlobalSection
	GlobalSection(ExtensibilityGlobals) = postSolution
		SolutionGuid = {B8B62235-D952-42B8-91BE-14454C4B1879}
	EndGlobalSection
EndGlobal
